
Microsoft Visual Studio Solution File, Format Version 12.00
# Visual Studio Version 16
VisualStudioVersion = 16.0.30406.217
MinimumVisualStudioVersion = 10.0.40219.1
Project("{FAE04EC0-301F-11D3-BF4B-00C04F79EFBC}") = "Sortings", "Sortings\Sortings.csproj", "{A1953D60-FBD6-4E18-85CD-8B7BA1B12129}"
EndProject
Global
	GlobalSection(SolutionConfigurationPlatforms) = preSolution
		Debug|Any CPU = Debug|Any CPU
		Release|Any CPU = Release|Any CPU
	EndGlobalSection
	GlobalSection(ProjectConfigurationPlatforms) = postSolution
		{A1953D60-FBD6-4E18-85CD-8B7BA1B12129}.Debug|Any CPU.ActiveCfg = Debug|Any CPU
		{A1953D60-FBD6-4E18-85CD-8B7BA1B12129}.Debug|Any CPU.Build.0 = Debug|Any CPU
		{A1953D60-FBD6-4E18-85CD-8B7BA1B12129}.Release|Any CPU.ActiveCfg = Release|Any CPU
		{A1953D60-FBD6-4E18-85CD-8B7BA1B12129}.Release|Any CPU.Build.0 = Release|Any CPU
	EndGlobalSection
	GlobalSection(SolutionProperties) = preSolution
		HideSolutionNode = FALSE
	EndGlobalSection
	GlobalSection(ExtensibilityGlobals) = postSolution
		SolutionGuid = {2125EEAB-991E-48E9-B8CB-D758EDE22DBD}
	EndGlobalSection
EndGlobal
